
Microsoft Visual Studio Solution File, Format Version 12.00
# Visual Studio Version 17
VisualStudioVersion = 17.0.32014.148
MinimumVisualStudioVersion = 10.0.40219.1
Project("{9A19103F-16F7-4668-BE54-9A1E7A4F7556}") = "TaskService", "TaskService\TaskService.csproj", "{0D353F50-FD53-47BA-9F56-F83B5A77ADF4}"
EndProject
Project("{00D1A9C2-B5F0-4AF3-8072-F6C62B433612}") = "BankDatabase", "src\TaskService.BankDatabase\BankDatabase.sqlproj", "{7D25FD1A-9054-4D70-BA11-D0260F2CAA42}"
EndProject
Project("{9A19103F-16F7-4668-BE54-9A1E7A4F7556}") = "TaskService.CommonTypes", "src\TaskService.CommonTypes\TaskService.CommonTypes.csproj", "{2AC07D7C-69DC-4AC5-904B-D06C52C505CD}"
EndProject
Project("{FAE04EC0-301F-11D3-BF4B-00C04F79EFBC}") = "TaskService.Plugin.TestPlug", "src\TaskService.Plugin.TestPlug\TaskService.Plugin.TestPlug.csproj", "{D63896F3-B50A-4882-95EE-B2D497CBC64B}"
EndProject
Global
	GlobalSection(SolutionConfigurationPlatforms) = preSolution
		Debug|Any CPU = Debug|Any CPU
		Release|Any CPU = Release|Any CPU
	EndGlobalSection
	GlobalSection(ProjectConfigurationPlatforms) = postSolution
		{0D353F50-FD53-47BA-9F56-F83B5A77ADF4}.Debug|Any CPU.ActiveCfg = Debug|Any CPU
		{0D353F50-FD53-47BA-9F56-F83B5A77ADF4}.Debug|Any CPU.Build.0 = Debug|Any CPU
		{0D353F50-FD53-47BA-9F56-F83B5A77ADF4}.Release|Any CPU.ActiveCfg = Release|Any CPU
		{0D353F50-FD53-47BA-9F56-F83B5A77ADF4}.Release|Any CPU.Build.0 = Release|Any CPU
		{7D25FD1A-9054-4D70-BA11-D0260F2CAA42}.Debug|Any CPU.ActiveCfg = Debug|Any CPU
		{7D25FD1A-9054-4D70-BA11-D0260F2CAA42}.Debug|Any CPU.Build.0 = Debug|Any CPU
		{7D25FD1A-9054-4D70-BA11-D0260F2CAA42}.Debug|Any CPU.Deploy.0 = Debug|Any CPU
		{7D25FD1A-9054-4D70-BA11-D0260F2CAA42}.Release|Any CPU.ActiveCfg = Release|Any CPU
		{7D25FD1A-9054-4D70-BA11-D0260F2CAA42}.Release|Any CPU.Build.0 = Release|Any CPU
		{7D25FD1A-9054-4D70-BA11-D0260F2CAA42}.Release|Any CPU.Deploy.0 = Release|Any CPU
		{2AC07D7C-69DC-4AC5-904B-D06C52C505CD}.Debug|Any CPU.ActiveCfg = Debug|Any CPU
		{2AC07D7C-69DC-4AC5-904B-D06C52C505CD}.Debug|Any CPU.Build.0 = Debug|Any CPU
		{2AC07D7C-69DC-4AC5-904B-D06C52C505CD}.Release|Any CPU.ActiveCfg = Release|Any CPU
		{2AC07D7C-69DC-4AC5-904B-D06C52C505CD}.Release|Any CPU.Build.0 = Release|Any CPU
		{D63896F3-B50A-4882-95EE-B2D497CBC64B}.Debug|Any CPU.ActiveCfg = Debug|Any CPU
		{D63896F3-B50A-4882-95EE-B2D497CBC64B}.Debug|Any CPU.Build.0 = Debug|Any CPU
		{D63896F3-B50A-4882-95EE-B2D497CBC64B}.Release|Any CPU.ActiveCfg = Release|Any CPU
		{D63896F3-B50A-4882-95EE-B2D497CBC64B}.Release|Any CPU.Build.0 = Release|Any CPU
	EndGlobalSection
	GlobalSection(SolutionProperties) = preSolution
		HideSolutionNode = FALSE
	EndGlobalSection
	GlobalSection(ExtensibilityGlobals) = postSolution
		SolutionGuid = {799E9872-1A17-4F9C-9F4A-0A1DF0537687}
	EndGlobalSection
EndGlobal
